
Microsoft Visual Studio Solution File, Format Version 12.00
# Visual Studio Version 17
VisualStudioVersion = 17.2.32602.215
MinimumVisualStudioVersion = 10.0.40219.1
Project("{9A19103F-16F7-4668-BE54-9A1E7A4F7556}") = "DevFreela.API", "DevFreela.API\DevFreela.API.csproj", "{B1540A0C-8EB6-4C3E-9E87-1F6A1367E5C2}"
EndProject
Project("{FAE04EC0-301F-11D3-BF4B-00C04F79EFBC}") = "DevFreela.Core", "DevFreela.Core\DevFreela.Core.csproj", "{CD6819FC-791B-4A0D-9785-9A98929F8D04}"
EndProject
Global
	GlobalSection(SolutionConfigurationPlatforms) = preSolution
		Debug|Any CPU = Debug|Any CPU
		Release|Any CPU = Release|Any CPU
	EndGlobalSection
	GlobalSection(ProjectConfigurationPlatforms) = postSolution
		{B1540A0C-8EB6-4C3E-9E87-1F6A1367E5C2}.Debug|Any CPU.ActiveCfg = Debug|Any CPU
		{B1540A0C-8EB6-4C3E-9E87-1F6A1367E5C2}.Debug|Any CPU.Build.0 = Debug|Any CPU
		{B1540A0C-8EB6-4C3E-9E87-1F6A1367E5C2}.Release|Any CPU.ActiveCfg = Release|Any CPU
		{B1540A0C-8EB6-4C3E-9E87-1F6A1367E5C2}.Release|Any CPU.Build.0 = Release|Any CPU
		{CD6819FC-791B-4A0D-9785-9A98929F8D04}.Debug|Any CPU.ActiveCfg = Debug|Any CPU
		{CD6819FC-791B-4A0D-9785-9A98929F8D04}.Debug|Any CPU.Build.0 = Debug|Any CPU
		{CD6819FC-791B-4A0D-9785-9A98929F8D04}.Release|Any CPU.ActiveCfg = Release|Any CPU
		{CD6819FC-791B-4A0D-9785-9A98929F8D04}.Release|Any CPU.Build.0 = Release|Any CPU
	EndGlobalSection
	GlobalSection(SolutionProperties) = preSolution
		HideSolutionNode = FALSE
	EndGlobalSection
	GlobalSection(ExtensibilityGlobals) = postSolution
		SolutionGuid = {F7A9E1A5-BA1C-481D-9A1C-422B4585A778}
	EndGlobalSection
EndGlobal
